
Microsoft Visual Studio Solution File, Format Version 12.00
# Visual Studio Version 17
VisualStudioVersion = 17.2.32630.192
MinimumVisualStudioVersion = 10.0.40219.1
Project("{FAE04EC0-301F-11D3-BF4B-00C04F79EFBC}") = "Practice_questions_interviews", "Practice_questions_interviews\Practice_questions_interviews.csproj", "{C2F2F002-552F-4DF5-9FBC-6A55053C54EB}"
EndProject
Global
	GlobalSection(SolutionConfigurationPlatforms) = preSolution
		Debug|Any CPU = Debug|Any CPU
		Release|Any CPU = Release|Any CPU
	EndGlobalSection
	GlobalSection(ProjectConfigurationPlatforms) = postSolution
		{C2F2F002-552F-4DF5-9FBC-6A55053C54EB}.Debug|Any CPU.ActiveCfg = Debug|Any CPU
		{C2F2F002-552F-4DF5-9FBC-6A55053C54EB}.Debug|Any CPU.Build.0 = Debug|Any CPU
		{C2F2F002-552F-4DF5-9FBC-6A55053C54EB}.Release|Any CPU.ActiveCfg = Release|Any CPU
		{C2F2F002-552F-4DF5-9FBC-6A55053C54EB}.Release|Any CPU.Build.0 = Release|Any CPU
	EndGlobalSection
	GlobalSection(SolutionProperties) = preSolution
		HideSolutionNode = FALSE
	EndGlobalSection
	GlobalSection(ExtensibilityGlobals) = postSolution
		SolutionGuid = {2C7717A8-6809-401E-B95B-F927247C0B9E}
	EndGlobalSection
EndGlobal
